
Microsoft Visual Studio Solution File, Format Version 12.00
# Visual Studio Version 17
VisualStudioVersion = 17.0.31919.166
MinimumVisualStudioVersion = 10.0.40219.1
Project("{FAE04EC0-301F-11D3-BF4B-00C04F79EFBC}") = "TestApp", "TestApp.csproj", "{F44CDDD7-C697-403E-B912-8B229FE0ED4B}"
EndProject
Global
	GlobalSection(SolutionConfigurationPlatforms) = preSolution
		Debug|Any CPU = Debug|Any CPU
		Release|Any CPU = Release|Any CPU
	EndGlobalSection
	GlobalSection(ProjectConfigurationPlatforms) = postSolution
		{F44CDDD7-C697-403E-B912-8B229FE0ED4B}.Debug|Any CPU.ActiveCfg = Debug|Any CPU
		{F44CDDD7-C697-403E-B912-8B229FE0ED4B}.Debug|Any CPU.Build.0 = Debug|Any CPU
		{F44CDDD7-C697-403E-B912-8B229FE0ED4B}.Release|Any CPU.ActiveCfg = Release|Any CPU
		{F44CDDD7-C697-403E-B912-8B229FE0ED4B}.Release|Any CPU.Build.0 = Release|Any CPU
	EndGlobalSection
	GlobalSection(SolutionProperties) = preSolution
		HideSolutionNode = FALSE
	EndGlobalSection
	GlobalSection(ExtensibilityGlobals) = postSolution
		SolutionGuid = {DBAB155F-58BF-4ED4-AAD6-50C8567B69CD}
	EndGlobalSection
EndGlobal
